
Microsoft Visual Studio Solution File, Format Version 12.00
# Visual Studio Version 17
VisualStudioVersion = 17.8.34408.163
MinimumVisualStudioVersion = 10.0.40219.1
Project("{FAE04EC0-301F-11D3-BF4B-00C04F79EFBC}") = "WebApplication1", "WebApplication1\WebApplication1.csproj", "{2B71B2CC-FF2B-4FA1-9E18-8F4E5F5F32B6}"
EndProject
Global
	GlobalSection(SolutionConfigurationPlatforms) = preSolution
		Debug|Any CPU = Debug|Any CPU
		Release|Any CPU = Release|Any CPU
	EndGlobalSection
	GlobalSection(ProjectConfigurationPlatforms) = postSolution
		{2B71B2CC-FF2B-4FA1-9E18-8F4E5F5F32B6}.Debug|Any CPU.ActiveCfg = Debug|Any CPU
		{2B71B2CC-FF2B-4FA1-9E18-8F4E5F5F32B6}.Debug|Any CPU.Build.0 = Debug|Any CPU
		{2B71B2CC-FF2B-4FA1-9E18-8F4E5F5F32B6}.Release|Any CPU.ActiveCfg = Release|Any CPU
		{2B71B2CC-FF2B-4FA1-9E18-8F4E5F5F32B6}.Release|Any CPU.Build.0 = Release|Any CPU
	EndGlobalSection
	GlobalSection(SolutionProperties) = preSolution
		HideSolutionNode = FALSE
	EndGlobalSection
	GlobalSection(ExtensibilityGlobals) = postSolution
		SolutionGuid = {DC2D5E8B-53CC-44F0-996F-26CDAFE34E22}
	EndGlobalSection
EndGlobal
